
Microsoft Visual Studio Solution File, Format Version 12.00
# Visual Studio Version 17
VisualStudioVersion = 17.13.35919.96 d17.13
MinimumVisualStudioVersion = 10.0.40219.1
Project("{FAE04EC0-301F-11D3-BF4B-00C04F79EFBC}") = "vtools", "vtools\vtools.csproj", "{F8B36637-547E-42EC-A43D-F224F2EA5468}"
EndProject
Global
	GlobalSection(SolutionConfigurationPlatforms) = preSolution
		Debug|Any CPU = Debug|Any CPU
		Release|Any CPU = Release|Any CPU
	EndGlobalSection
	GlobalSection(ProjectConfigurationPlatforms) = postSolution
		{F8B36637-547E-42EC-A43D-F224F2EA5468}.Debug|Any CPU.ActiveCfg = Debug|Any CPU
		{F8B36637-547E-42EC-A43D-F224F2EA5468}.Debug|Any CPU.Build.0 = Debug|Any CPU
		{F8B36637-547E-42EC-A43D-F224F2EA5468}.Release|Any CPU.ActiveCfg = Release|Any CPU
		{F8B36637-547E-42EC-A43D-F224F2EA5468}.Release|Any CPU.Build.0 = Release|Any CPU
	EndGlobalSection
	GlobalSection(SolutionProperties) = preSolution
		HideSolutionNode = FALSE
	EndGlobalSection
	GlobalSection(ExtensibilityGlobals) = postSolution
		SolutionGuid = {FDB56C7B-EA08-4499-B845-AE33F01EB8FD}
	EndGlobalSection
EndGlobal
